
Microsoft Visual Studio Solution File, Format Version 12.00
# Visual Studio Version 17
VisualStudioVersion = 17.7.34024.191
MinimumVisualStudioVersion = 10.0.40219.1
Project("{FAE04EC0-301F-11D3-BF4B-00C04F79EFBC}") = "EmployeeManagement", "EmployeeManagement\EmployeeManagement.csproj", "{0A2647E0-6CFD-4AC3-BBD6-18B257B60C59}"
EndProject
Project("{FAE04EC0-301F-11D3-BF4B-00C04F79EFBC}") = "RepositoryLayer", "RepositoryLayer\RepositoryLayer.csproj", "{400FB565-D640-475C-BCE4-6D82D5F70577}"
EndProject
Project("{FAE04EC0-301F-11D3-BF4B-00C04F79EFBC}") = "BusinessLayer", "BusinessLayer\BusinessLayer.csproj", "{26AF7874-C30B-4356-9F3C-2721E7738C6A}"
EndProject
Global
	GlobalSection(SolutionConfigurationPlatforms) = preSolution
		Debug|Any CPU = Debug|Any CPU
		Release|Any CPU = Release|Any CPU
	EndGlobalSection
	GlobalSection(ProjectConfigurationPlatforms) = postSolution
		{0A2647E0-6CFD-4AC3-BBD6-18B257B60C59}.Debug|Any CPU.ActiveCfg = Debug|Any CPU
		{0A2647E0-6CFD-4AC3-BBD6-18B257B60C59}.Debug|Any CPU.Build.0 = Debug|Any CPU
		{0A2647E0-6CFD-4AC3-BBD6-18B257B60C59}.Release|Any CPU.ActiveCfg = Release|Any CPU
		{0A2647E0-6CFD-4AC3-BBD6-18B257B60C59}.Release|Any CPU.Build.0 = Release|Any CPU
		{400FB565-D640-475C-BCE4-6D82D5F70577}.Debug|Any CPU.ActiveCfg = Debug|Any CPU
		{400FB565-D640-475C-BCE4-6D82D5F70577}.Debug|Any CPU.Build.0 = Debug|Any CPU
		{400FB565-D640-475C-BCE4-6D82D5F70577}.Release|Any CPU.ActiveCfg = Release|Any CPU
		{400FB565-D640-475C-BCE4-6D82D5F70577}.Release|Any CPU.Build.0 = Release|Any CPU
		{26AF7874-C30B-4356-9F3C-2721E7738C6A}.Debug|Any CPU.ActiveCfg = Debug|Any CPU
		{26AF7874-C30B-4356-9F3C-2721E7738C6A}.Debug|Any CPU.Build.0 = Debug|Any CPU
		{26AF7874-C30B-4356-9F3C-2721E7738C6A}.Release|Any CPU.ActiveCfg = Release|Any CPU
		{26AF7874-C30B-4356-9F3C-2721E7738C6A}.Release|Any CPU.Build.0 = Release|Any CPU
	EndGlobalSection
	GlobalSection(SolutionProperties) = preSolution
		HideSolutionNode = FALSE
	EndGlobalSection
	GlobalSection(ExtensibilityGlobals) = postSolution
		SolutionGuid = {A5E55E83-07AC-4DD1-92BB-88D42146860E}
	EndGlobalSection
EndGlobal
